// !$*UTF8*$!
{
	archiveVersion = 1;
	classes = {
	};
	objectVersion = 52;
	objects = {

/* Begin PBXBuildFile section */
		810857622662792C000FCF88 /* DataController.swift in Sources */ = {isa = PBXBuildFile; fileRef = 810857612662792C000FCF88 /* DataController.swift */; };
		811559462687498D00083B20 /* ListViewModel.swift in Sources */ = {isa = PBXBuildFile; fileRef = 811559452687498D00083B20 /* ListViewModel.swift */; };
		818D54BE267BAAE400F92D2B /* KeychainAccess in Frameworks */ = {isa = PBXBuildFile; productRef = 818D54BD267BAAE400F92D2B /* KeychainAccess */; };
		81A60D8D268141EC0001F9AE /* Realm in Frameworks */ = {isa = PBXBuildFile; productRef = 81A60D8C268141EC0001F9AE /* Realm */; };
		81A60D8F268141EC0001F9AE /* RealmSwift in Frameworks */ = {isa = PBXBuildFile; productRef = 81A60D8E268141EC0001F9AE /* RealmSwift */; };
		81AB4DC2268258D700748483 /* RealmDataController.swift in Sources */ = {isa = PBXBuildFile; fileRef = 81AB4DC1268258D700748483 /* RealmDataController.swift */; };
		81B45005266512B900EB8A08 /* EFQRCode in Frameworks */ = {isa = PBXBuildFile; productRef = 81B45004266512B900EB8A08 /* EFQRCode */; };
		81B59DC826612C2A00B17717 /* wristdiary WatchKit App.app in Embed Watch Content */ = {isa = PBXBuildFile; fileRef = 81B59DC726612C2A00B17717 /* wristdiary WatchKit App.app */; settings = {ATTRIBUTES = (RemoveHeadersOnCopy, ); }; };
		81B59DCD26612C2D00B17717 /* Assets.xcassets in Resources */ = {isa = PBXBuildFile; fileRef = 81B59DCC26612C2D00B17717 /* Assets.xcassets */; };
		81B59DD426612C2D00B17717 /* wristdiary WatchKit Extension.appex in Embed App Extensions */ = {isa = PBXBuildFile; fileRef = 81B59DD326612C2D00B17717 /* wristdiary WatchKit Extension.appex */; settings = {ATTRIBUTES = (RemoveHeadersOnCopy, ); }; };
		81B59DD926612C2D00B17717 /* ContentView.swift in Sources */ = {isa = PBXBuildFile; fileRef = 81B59DD826612C2D00B17717 /* ContentView.swift */; };
		81B59DDB26612C2D00B17717 /* wristdiaryApp.swift in Sources */ = {isa = PBXBuildFile; fileRef = 81B59DDA26612C2D00B17717 /* wristdiaryApp.swift */; };
		81B59DDD26612C2D00B17717 /* ComplicationController.swift in Sources */ = {isa = PBXBuildFile; fileRef = 81B59DDC26612C2D00B17717 /* ComplicationController.swift */; };
		81B59DDF26612C2E00B17717 /* Assets.xcassets in Resources */ = {isa = PBXBuildFile; fileRef = 81B59DDE26612C2E00B17717 /* Assets.xcassets */; };
		81B59DE226612C2E00B17717 /* Preview Assets.xcassets in Resources */ = {isa = PBXBuildFile; fileRef = 81B59DE126612C2E00B17717 /* Preview Assets.xcassets */; };
		81B59DF32661319700B17717 /* Crypt.swift in Sources */ = {isa = PBXBuildFile; fileRef = 81B59DF22661319700B17717 /* Crypt.swift */; };
		81B59DF62661326D00B17717 /* Communicate.swift in Sources */ = {isa = PBXBuildFile; fileRef = 81B59DF52661326D00B17717 /* Communicate.swift */; };
		81B59DF8266132E400B17717 /* StatusData.swift in Sources */ = {isa = PBXBuildFile; fileRef = 81B59DF7266132E400B17717 /* StatusData.swift */; };
		81B59E0026613FE200B17717 /* ListEntriesView.swift in Sources */ = {isa = PBXBuildFile; fileRef = 81B59DFF26613FE200B17717 /* ListEntriesView.swift */; };
		81B59E022662457000B17717 /* EntryData.swift in Sources */ = {isa = PBXBuildFile; fileRef = 81B59E012662457000B17717 /* EntryData.swift */; };
		81B7BB3B2683A9600006C776 /* EntryView.swift in Sources */ = {isa = PBXBuildFile; fileRef = 81B7BB3A2683A9600006C776 /* EntryView.swift */; };
		81B7BB3D2683AA690006C776 /* EmptyDiaryView.swift in Sources */ = {isa = PBXBuildFile; fileRef = 81B7BB3C2683AA690006C776 /* EmptyDiaryView.swift */; };
		81BF9BA52680F09200118C23 /* wristdiaryApp.swift in Sources */ = {isa = PBXBuildFile; fileRef = 81BF9BA42680F09200118C23 /* wristdiaryApp.swift */; };
		81BF9BA72680F09200118C23 /* ContentView.swift in Sources */ = {isa = PBXBuildFile; fileRef = 81BF9BA62680F09200118C23 /* ContentView.swift */; };
		81BF9BA92680F09300118C23 /* Assets.xcassets in Resources */ = {isa = PBXBuildFile; fileRef = 81BF9BA82680F09300118C23 /* Assets.xcassets */; };
		81BF9BAC2680F09300118C23 /* Preview Assets.xcassets in Resources */ = {isa = PBXBuildFile; fileRef = 81BF9BAB2680F09300118C23 /* Preview Assets.xcassets */; };
		81BF9BB22680F40100118C23 /* ListEntriesView.swift in Sources */ = {isa = PBXBuildFile; fileRef = 81BF9BB12680F40100118C23 /* ListEntriesView.swift */; };
		81BF9BB32680F45A00118C23 /* DataController.swift in Sources */ = {isa = PBXBuildFile; fileRef = 810857612662792C000FCF88 /* DataController.swift */; };
		81BF9BB52680F4B800118C23 /* KeychainAccess in Frameworks */ = {isa = PBXBuildFile; productRef = 81BF9BB42680F4B800118C23 /* KeychainAccess */; };
		81BF9BB62680F4FD00118C23 /* Communicate.swift in Sources */ = {isa = PBXBuildFile; fileRef = 81B59DF52661326D00B17717 /* Communicate.swift */; };
		81BF9BB72680F50900118C23 /* StatusData.swift in Sources */ = {isa = PBXBuildFile; fileRef = 81B59DF7266132E400B17717 /* StatusData.swift */; };
		81BF9BB82680F51000118C23 /* EntryData.swift in Sources */ = {isa = PBXBuildFile; fileRef = 81B59E012662457000B17717 /* EntryData.swift */; };
		81BF9BB92680F6C800118C23 /* Crypt.swift in Sources */ = {isa = PBXBuildFile; fileRef = 81B59DF22661319700B17717 /* Crypt.swift */; };
		81BF9BBC268129DF00118C23 /* RealmObjects.swift in Sources */ = {isa = PBXBuildFile; fileRef = 81BF9BBB268129DF00118C23 /* RealmObjects.swift */; };
		81C3E41926643EB0005A3DFA /* QRCodeView.swift in Sources */ = {isa = PBXBuildFile; fileRef = 81C3E41826643EB0005A3DFA /* QRCodeView.swift */; };
		81D27E1D26761EE4008656A1 /* DateSelectionView.swift in Sources */ = {isa = PBXBuildFile; fileRef = 81D27E1C26761EE4008656A1 /* DateSelectionView.swift */; };
/* End PBXBuildFile section */

/* Begin PBXContainerItemProxy section */
		81B59DC926612C2A00B17717 /* PBXContainerItemProxy */ = {
			isa = PBXContainerItemProxy;
			containerPortal = 81B59DBD26612C2900B17717 /* Project object */;
			proxyType = 1;
			remoteGlobalIDString = 81B59DC626612C2A00B17717;
			remoteInfo = "wristdiary WatchKit App";
		};
		81B59DD526612C2D00B17717 /* PBXContainerItemProxy */ = {
			isa = PBXContainerItemProxy;
			containerPortal = 81B59DBD26612C2900B17717 /* Project object */;
			proxyType = 1;
			remoteGlobalIDString = 81B59DD226612C2D00B17717;
			remoteInfo = "wristdiary WatchKit Extension";
		};
/* End PBXContainerItemProxy section */

/* Begin PBXCopyFilesBuildPhase section */
		81B59DE926612C2E00B17717 /* Embed App Extensions */ = {
			isa = PBXCopyFilesBuildPhase;
			buildActionMask = 2147483647;
			dstPath = "";
			dstSubfolderSpec = 13;
			files = (
				81B59DD426612C2D00B17717 /* wristdiary WatchKit Extension.appex in Embed App Extensions */,
			);
			name = "Embed App Extensions";
			runOnlyForDeploymentPostprocessing = 0;
		};
		81B59DED26612C2E00B17717 /* Embed Watch Content */ = {
			isa = PBXCopyFilesBuildPhase;
			buildActionMask = 2147483647;
			dstPath = "$(CONTENTS_FOLDER_PATH)/Watch";
			dstSubfolderSpec = 16;
			files = (
				81B59DC826612C2A00B17717 /* wristdiary WatchKit App.app in Embed Watch Content */,
			);
			name = "Embed Watch Content";
			runOnlyForDeploymentPostprocessing = 0;
		};
/* End PBXCopyFilesBuildPhase section */

/* Begin PBXFileReference section */
		810857612662792C000FCF88 /* DataController.swift */ = {isa = PBXFileReference; lastKnownFileType = sourcecode.swift; path = DataController.swift; sourceTree = "<group>"; };
		811559452687498D00083B20 /* ListViewModel.swift */ = {isa = PBXFileReference; lastKnownFileType = sourcecode.swift; path = ListViewModel.swift; sourceTree = "<group>"; };
		81AB4DC1268258D700748483 /* RealmDataController.swift */ = {isa = PBXFileReference; lastKnownFileType = sourcecode.swift; path = RealmDataController.swift; sourceTree = "<group>"; };
		81B59DC326612C2A00B17717 /* wristdiary.app */ = {isa = PBXFileReference; explicitFileType = wrapper.application; includeInIndex = 0; path = wristdiary.app; sourceTree = BUILT_PRODUCTS_DIR; };
		81B59DC726612C2A00B17717 /* wristdiary WatchKit App.app */ = {isa = PBXFileReference; explicitFileType = wrapper.application; includeInIndex = 0; path = "wristdiary WatchKit App.app"; sourceTree = BUILT_PRODUCTS_DIR; };
		81B59DCC26612C2D00B17717 /* Assets.xcassets */ = {isa = PBXFileReference; lastKnownFileType = folder.assetcatalog; path = Assets.xcassets; sourceTree = "<group>"; };
		81B59DCE26612C2D00B17717 /* Info.plist */ = {isa = PBXFileReference; lastKnownFileType = text.plist.xml; path = Info.plist; sourceTree = "<group>"; };
		81B59DD326612C2D00B17717 /* wristdiary WatchKit Extension.appex */ = {isa = PBXFileReference; explicitFileType = "wrapper.app-extension"; includeInIndex = 0; path = "wristdiary WatchKit Extension.appex"; sourceTree = BUILT_PRODUCTS_DIR; };
		81B59DD826612C2D00B17717 /* ContentView.swift */ = {isa = PBXFileReference; lastKnownFileType = sourcecode.swift; path = ContentView.swift; sourceTree = "<group>"; };
		81B59DDA26612C2D00B17717 /* wristdiaryApp.swift */ = {isa = PBXFileReference; lastKnownFileType = sourcecode.swift; path = wristdiaryApp.swift; sourceTree = "<group>"; };
		81B59DDC26612C2D00B17717 /* ComplicationController.swift */ = {isa = PBXFileReference; lastKnownFileType = sourcecode.swift; path = ComplicationController.swift; sourceTree = "<group>"; };
		81B59DDE26612C2E00B17717 /* Assets.xcassets */ = {isa = PBXFileReference; lastKnownFileType = folder.assetcatalog; path = Assets.xcassets; sourceTree = "<group>"; };
		81B59DE126612C2E00B17717 /* Preview Assets.xcassets */ = {isa = PBXFileReference; lastKnownFileType = folder.assetcatalog; path = "Preview Assets.xcassets"; sourceTree = "<group>"; };
		81B59DE326612C2E00B17717 /* Info.plist */ = {isa = PBXFileReference; lastKnownFileType = text.plist.xml; path = Info.plist; sourceTree = "<group>"; };
		81B59DF22661319700B17717 /* Crypt.swift */ = {isa = PBXFileReference; lastKnownFileType = sourcecode.swift; path = Crypt.swift; sourceTree = "<group>"; };
		81B59DF52661326D00B17717 /* Communicate.swift */ = {isa = PBXFileReference; lastKnownFileType = sourcecode.swift; path = Communicate.swift; sourceTree = "<group>"; };
		81B59DF7266132E400B17717 /* StatusData.swift */ = {isa = PBXFileReference; lastKnownFileType = sourcecode.swift; path = StatusData.swift; sourceTree = "<group>"; };
		81B59DFF26613FE200B17717 /* ListEntriesView.swift */ = {isa = PBXFileReference; lastKnownFileType = sourcecode.swift; path = ListEntriesView.swift; sourceTree = "<group>"; };
		81B59E012662457000B17717 /* EntryData.swift */ = {isa = PBXFileReference; lastKnownFileType = sourcecode.swift; path = EntryData.swift; sourceTree = "<group>"; };
		81B7BB3A2683A9600006C776 /* EntryView.swift */ = {isa = PBXFileReference; lastKnownFileType = sourcecode.swift; path = EntryView.swift; sourceTree = "<group>"; };
		81B7BB3C2683AA690006C776 /* EmptyDiaryView.swift */ = {isa = PBXFileReference; lastKnownFileType = sourcecode.swift; path = EmptyDiaryView.swift; sourceTree = "<group>"; };
		81BF9BA22680F09200118C23 /* wristdiary iPhone App.app */ = {isa = PBXFileReference; explicitFileType = wrapper.application; includeInIndex = 0; path = "wristdiary iPhone App.app"; sourceTree = BUILT_PRODUCTS_DIR; };
		81BF9BA42680F09200118C23 /* wristdiaryApp.swift */ = {isa = PBXFileReference; lastKnownFileType = sourcecode.swift; path = wristdiaryApp.swift; sourceTree = "<group>"; };
		81BF9BA62680F09200118C23 /* ContentView.swift */ = {isa = PBXFileReference; lastKnownFileType = sourcecode.swift; path = ContentView.swift; sourceTree = "<group>"; };
		81BF9BA82680F09300118C23 /* Assets.xcassets */ = {isa = PBXFileReference; lastKnownFileType = folder.assetcatalog; path = Assets.xcassets; sourceTree = "<group>"; };
		81BF9BAB2680F09300118C23 /* Preview Assets.xcassets */ = {isa = PBXFileReference; lastKnownFileType = folder.assetcatalog; path = "Preview Assets.xcassets"; sourceTree = "<group>"; };
		81BF9BAD2680F09300118C23 /* Info.plist */ = {isa = PBXFileReference; lastKnownFileType = text.plist.xml; path = Info.plist; sourceTree = "<group>"; };
		81BF9BB12680F40100118C23 /* ListEntriesView.swift */ = {isa = PBXFileReference; lastKnownFileType = sourcecode.swift; path = ListEntriesView.swift; sourceTree = "<group>"; };
		81BF9BBB268129DF00118C23 /* RealmObjects.swift */ = {isa = PBXFileReference; lastKnownFileType = sourcecode.swift; path = RealmObjects.swift; sourceTree = "<group>"; };
		81C3E41826643EB0005A3DFA /* QRCodeView.swift */ = {isa = PBXFileReference; lastKnownFileType = sourcecode.swift; path = QRCodeView.swift; sourceTree = "<group>"; };
		81D27E1C26761EE4008656A1 /* DateSelectionView.swift */ = {isa = PBXFileReference; lastKnownFileType = sourcecode.swift; path = DateSelectionView.swift; sourceTree = "<group>"; };
/* End PBXFileReference section */

/* Begin PBXFrameworksBuildPhase section */
		81B59DD026612C2D00B17717 /* Frameworks */ = {
			isa = PBXFrameworksBuildPhase;
			buildActionMask = 2147483647;
			files = (
				818D54BE267BAAE400F92D2B /* KeychainAccess in Frameworks */,
				81B45005266512B900EB8A08 /* EFQRCode in Frameworks */,
			);
			runOnlyForDeploymentPostprocessing = 0;
		};
		81BF9B9F2680F09200118C23 /* Frameworks */ = {
			isa = PBXFrameworksBuildPhase;
			buildActionMask = 2147483647;
			files = (
				81A60D8F268141EC0001F9AE /* RealmSwift in Frameworks */,
				81A60D8D268141EC0001F9AE /* Realm in Frameworks */,
				81BF9BB52680F4B800118C23 /* KeychainAccess in Frameworks */,
			);
			runOnlyForDeploymentPostprocessing = 0;
		};
/* End PBXFrameworksBuildPhase section */

/* Begin PBXGroup section */
		8108576526627FC0000FCF88 /* Frameworks */ = {
			isa = PBXGroup;
			children = (
			);
			name = Frameworks;
			sourceTree = "<group>";
		};
		81A5C03A266386900011BD9C /* Views */ = {
			isa = PBXGroup;
			children = (
				81B59DD826612C2D00B17717 /* ContentView.swift */,
				81B59DFF26613FE200B17717 /* ListEntriesView.swift */,
				81C3E41826643EB0005A3DFA /* QRCodeView.swift */,
				81D27E1C26761EE4008656A1 /* DateSelectionView.swift */,
			);
			path = Views;
			sourceTree = "<group>";
		};
		81B59DBC26612C2900B17717 = {
			isa = PBXGroup;
			children = (
				81B59DCB26612C2A00B17717 /* wristdiary WatchKit App */,
				81B59DD726612C2D00B17717 /* wristdiary WatchKit Extension */,
				81BF9BA32680F09200118C23 /* wristdiary iPhone App */,
				81B59DC426612C2A00B17717 /* Products */,
				8108576526627FC0000FCF88 /* Frameworks */,
			);
			sourceTree = "<group>";
		};
		81B59DC426612C2A00B17717 /* Products */ = {
			isa = PBXGroup;
			children = (
				81B59DC326612C2A00B17717 /* wristdiary.app */,
				81B59DC726612C2A00B17717 /* wristdiary WatchKit App.app */,
				81B59DD326612C2D00B17717 /* wristdiary WatchKit Extension.appex */,
				81BF9BA22680F09200118C23 /* wristdiary iPhone App.app */,
			);
			name = Products;
			sourceTree = "<group>";
		};
		81B59DCB26612C2A00B17717 /* wristdiary WatchKit App */ = {
			isa = PBXGroup;
			children = (
				81B59DCC26612C2D00B17717 /* Assets.xcassets */,
				81B59DCE26612C2D00B17717 /* Info.plist */,
			);
			path = "wristdiary WatchKit App";
			sourceTree = "<group>";
		};
		81B59DD726612C2D00B17717 /* wristdiary WatchKit Extension */ = {
			isa = PBXGroup;
			children = (
				81A5C03A266386900011BD9C /* Views */,
				81B59DF42661324C00B17717 /* Net */,
				81B59DF12661316800B17717 /* Library */,
				81B59DDC26612C2D00B17717 /* ComplicationController.swift */,
				810857612662792C000FCF88 /* DataController.swift */,
				81B59DDA26612C2D00B17717 /* wristdiaryApp.swift */,
				81B59DDE26612C2E00B17717 /* Assets.xcassets */,
				81B59DE326612C2E00B17717 /* Info.plist */,
				81B59DE026612C2E00B17717 /* Preview Content */,
			);
			path = "wristdiary WatchKit Extension";
			sourceTree = "<group>";
		};
		81B59DE026612C2E00B17717 /* Preview Content */ = {
			isa = PBXGroup;
			children = (
				81B59DE126612C2E00B17717 /* Preview Assets.xcassets */,
			);
			path = "Preview Content";
			sourceTree = "<group>";
		};
		81B59DF12661316800B17717 /* Library */ = {
			isa = PBXGroup;
			children = (
				81B59DF22661319700B17717 /* Crypt.swift */,
			);
			path = Library;
			sourceTree = "<group>";
		};
		81B59DF42661324C00B17717 /* Net */ = {
			isa = PBXGroup;
			children = (
				81B59DF52661326D00B17717 /* Communicate.swift */,
				81B59DF7266132E400B17717 /* StatusData.swift */,
				81B59E012662457000B17717 /* EntryData.swift */,
			);
			path = Net;
			sourceTree = "<group>";
		};
		81B7BB392683987C0006C776 /* Views */ = {
			isa = PBXGroup;
			children = (
				81BF9BB12680F40100118C23 /* ListEntriesView.swift */,
				81BF9BA62680F09200118C23 /* ContentView.swift */,
				81B7BB3A2683A9600006C776 /* EntryView.swift */,
				81B7BB3C2683AA690006C776 /* EmptyDiaryView.swift */,
			);
			path = Views;
			sourceTree = "<group>";
		};
		81BF9BA32680F09200118C23 /* wristdiary iPhone App */ = {
			isa = PBXGroup;
			children = (
				81B7BB392683987C0006C776 /* Views */,
				81BF9BBA268129A100118C23 /* RealmSync */,
				81BF9BA42680F09200118C23 /* wristdiaryApp.swift */,
				81BF9BA82680F09300118C23 /* Assets.xcassets */,
				81BF9BAD2680F09300118C23 /* Info.plist */,
				81BF9BAA2680F09300118C23 /* Preview Content */,
			);
			path = "wristdiary iPhone App";
			sourceTree = "<group>";
		};
		81BF9BAA2680F09300118C23 /* Preview Content */ = {
			isa = PBXGroup;
			children = (
				81BF9BAB2680F09300118C23 /* Preview Assets.xcassets */,
			);
			path = "Preview Content";
			sourceTree = "<group>";
		};
		81BF9BBA268129A100118C23 /* RealmSync */ = {
			isa = PBXGroup;
			children = (
				81BF9BBB268129DF00118C23 /* RealmObjects.swift */,
				81AB4DC1268258D700748483 /* RealmDataController.swift */,
				811559452687498D00083B20 /* ListViewModel.swift */,
			);
			path = RealmSync;
			sourceTree = "<group>";
		};
/* End PBXGroup section */

/* Begin PBXNativeTarget section */
		81B59DC226612C2900B17717 /* wristdiary */ = {
			isa = PBXNativeTarget;
			buildConfigurationList = 81B59DEE26612C2E00B17717 /* Build configuration list for PBXNativeTarget "wristdiary" */;
			buildPhases = (
				81B59DC126612C2900B17717 /* Resources */,
				81B59DED26612C2E00B17717 /* Embed Watch Content */,
			);
			buildRules = (
			);
			dependencies = (
				81B59DCA26612C2A00B17717 /* PBXTargetDependency */,
			);
			name = wristdiary;
			packageProductDependencies = (
				81B45003266512AD00EB8A08 /* EFQRCode */,
				818D54BC267BA64900F92D2B /* KeychainAccess */,
			);
			productName = wristdiary;
			productReference = 81B59DC326612C2A00B17717 /* wristdiary.app */;
			productType = "com.apple.product-type.application.watchapp2-container";
		};
		81B59DC626612C2A00B17717 /* wristdiary WatchKit App */ = {
			isa = PBXNativeTarget;
			buildConfigurationList = 81B59DEA26612C2E00B17717 /* Build configuration list for PBXNativeTarget "wristdiary WatchKit App" */;
			buildPhases = (
				81B59DC526612C2A00B17717 /* Resources */,
				81B59DE926612C2E00B17717 /* Embed App Extensions */,
			);
			buildRules = (
			);
			dependencies = (
				81B59DD626612C2D00B17717 /* PBXTargetDependency */,
			);
			name = "wristdiary WatchKit App";
			productName = "wristdiary WatchKit App";
			productReference = 81B59DC726612C2A00B17717 /* wristdiary WatchKit App.app */;
			productType = "com.apple.product-type.application.watchapp2";
		};
		81B59DD226612C2D00B17717 /* wristdiary WatchKit Extension */ = {
			isa = PBXNativeTarget;
			buildConfigurationList = 81B59DE626612C2E00B17717 /* Build configuration list for PBXNativeTarget "wristdiary WatchKit Extension" */;
			buildPhases = (
				81B59DCF26612C2D00B17717 /* Sources */,
				81B59DD026612C2D00B17717 /* Frameworks */,
				81B59DD126612C2D00B17717 /* Resources */,
			);
			buildRules = (
			);
			dependencies = (
			);
			name = "wristdiary WatchKit Extension";
			packageProductDependencies = (
				81B45004266512B900EB8A08 /* EFQRCode */,
				818D54BD267BAAE400F92D2B /* KeychainAccess */,
			);
			productName = "wristdiary WatchKit Extension";
			productReference = 81B59DD326612C2D00B17717 /* wristdiary WatchKit Extension.appex */;
			productType = "com.apple.product-type.watchkit2-extension";
		};
		81BF9BA12680F09200118C23 /* wristdiary iPhone App */ = {
			isa = PBXNativeTarget;
			buildConfigurationList = 81BF9BB02680F09300118C23 /* Build configuration list for PBXNativeTarget "wristdiary iPhone App" */;
			buildPhases = (
				81BF9B9E2680F09200118C23 /* Sources */,
				81BF9B9F2680F09200118C23 /* Frameworks */,
				81BF9BA02680F09200118C23 /* Resources */,
			);
			buildRules = (
			);
			dependencies = (
			);
			name = "wristdiary iPhone App";
			packageProductDependencies = (
				81BF9BB42680F4B800118C23 /* KeychainAccess */,
				81A60D8C268141EC0001F9AE /* Realm */,
				81A60D8E268141EC0001F9AE /* RealmSwift */,
			);
			productName = "wristdiary iPhone App";
			productReference = 81BF9BA22680F09200118C23 /* wristdiary iPhone App.app */;
			productType = "com.apple.product-type.application";
		};
/* End PBXNativeTarget section */

/* Begin PBXProject section */
		81B59DBD26612C2900B17717 /* Project object */ = {
			isa = PBXProject;
			attributes = {
				LastSwiftUpdateCheck = 1250;
				LastUpgradeCheck = 1250;
				TargetAttributes = {
					81B59DC226612C2900B17717 = {
						CreatedOnToolsVersion = 12.5;
					};
					81B59DC626612C2A00B17717 = {
						CreatedOnToolsVersion = 12.5;
					};
					81B59DD226612C2D00B17717 = {
						CreatedOnToolsVersion = 12.5;
					};
					81BF9BA12680F09200118C23 = {
						CreatedOnToolsVersion = 12.5;
					};
				};
			};
			buildConfigurationList = 81B59DC026612C2900B17717 /* Build configuration list for PBXProject "wristdiary" */;
			compatibilityVersion = "Xcode 9.3";
			developmentRegion = en;
			hasScannedForEncodings = 0;
			knownRegions = (
				en,
				Base,
			);
			mainGroup = 81B59DBC26612C2900B17717;
			packageReferences = (
				81B45002266512AD00EB8A08 /* XCRemoteSwiftPackageReference "EFQRCode" */,
				818D54BB267BA64900F92D2B /* XCRemoteSwiftPackageReference "KeychainAccess" */,
				81A60D8B268141EC0001F9AE /* XCRemoteSwiftPackageReference "realm-cocoa" */,
			);
			productRefGroup = 81B59DC426612C2A00B17717 /* Products */;
			projectDirPath = "";
			projectRoot = "";
			targets = (
				81B59DC226612C2900B17717 /* wristdiary */,
				81B59DC626612C2A00B17717 /* wristdiary WatchKit App */,
				81B59DD226612C2D00B17717 /* wristdiary WatchKit Extension */,
				81BF9BA12680F09200118C23 /* wristdiary iPhone App */,
			);
		};
/* End PBXProject section */

/* Begin PBXResourcesBuildPhase section */
		81B59DC126612C2900B17717 /* Resources */ = {
			isa = PBXResourcesBuildPhase;
			buildActionMask = 2147483647;
			files = (
			);
			runOnlyForDeploymentPostprocessing = 0;
		};
		81B59DC526612C2A00B17717 /* Resources */ = {
			isa = PBXResourcesBuildPhase;
			buildActionMask = 2147483647;
			files = (
				81B59DCD26612C2D00B17717 /* Assets.xcassets in Resources */,
			);
			runOnlyForDeploymentPostprocessing = 0;
		};
		81B59DD126612C2D00B17717 /* Resources */ = {
			isa = PBXResourcesBuildPhase;
			buildActionMask = 2147483647;
			files = (
				81B59DE226612C2E00B17717 /* Preview Assets.xcassets in Resources */,
				81B59DDF26612C2E00B17717 /* Assets.xcassets in Resources */,
			);
			runOnlyForDeploymentPostprocessing = 0;
		};
		81BF9BA02680F09200118C23 /* Resources */ = {
			isa = PBXResourcesBuildPhase;
			buildActionMask = 2147483647;
			files = (
				81BF9BAC2680F09300118C23 /* Preview Assets.xcassets in Resources */,
				81BF9BA92680F09300118C23 /* Assets.xcassets in Resources */,
			);
			runOnlyForDeploymentPostprocessing = 0;
		};
/* End PBXResourcesBuildPhase section */

/* Begin PBXSourcesBuildPhase section */
		81B59DCF26612C2D00B17717 /* Sources */ = {
			isa = PBXSourcesBuildPhase;
			buildActionMask = 2147483647;
			files = (
				81B59DF32661319700B17717 /* Crypt.swift in Sources */,
				81D27E1D26761EE4008656A1 /* DateSelectionView.swift in Sources */,
				81B59E0026613FE200B17717 /* ListEntriesView.swift in Sources */,
				81B59DD926612C2D00B17717 /* ContentView.swift in Sources */,
				81C3E41926643EB0005A3DFA /* QRCodeView.swift in Sources */,
				81B59DDB26612C2D00B17717 /* wristdiaryApp.swift in Sources */,
				81B59DF62661326D00B17717 /* Communicate.swift in Sources */,
				810857622662792C000FCF88 /* DataController.swift in Sources */,
				81B59DDD26612C2D00B17717 /* ComplicationController.swift in Sources */,
				81B59E022662457000B17717 /* EntryData.swift in Sources */,
				81B59DF8266132E400B17717 /* StatusData.swift in Sources */,
			);
			runOnlyForDeploymentPostprocessing = 0;
		};
		81BF9B9E2680F09200118C23 /* Sources */ = {
			isa = PBXSourcesBuildPhase;
			buildActionMask = 2147483647;
			files = (
				81BF9BBC268129DF00118C23 /* RealmObjects.swift in Sources */,
				81BF9BB92680F6C800118C23 /* Crypt.swift in Sources */,
				81BF9BA72680F09200118C23 /* ContentView.swift in Sources */,
				81BF9BB32680F45A00118C23 /* DataController.swift in Sources */,
				81BF9BA52680F09200118C23 /* wristdiaryApp.swift in Sources */,
				81BF9BB62680F4FD00118C23 /* Communicate.swift in Sources */,
				81AB4DC2268258D700748483 /* RealmDataController.swift in Sources */,
				81BF9BB22680F40100118C23 /* ListEntriesView.swift in Sources */,
				81BF9BB82680F51000118C23 /* EntryData.swift in Sources */,
				811559462687498D00083B20 /* ListViewModel.swift in Sources */,
				81BF9BB72680F50900118C23 /* StatusData.swift in Sources */,
				81B7BB3D2683AA690006C776 /* EmptyDiaryView.swift in Sources */,
				81B7BB3B2683A9600006C776 /* EntryView.swift in Sources */,
			);
			runOnlyForDeploymentPostprocessing = 0;
		};
/* End PBXSourcesBuildPhase section */

/* Begin PBXTargetDependency section */
		81B59DCA26612C2A00B17717 /* PBXTargetDependency */ = {
			isa = PBXTargetDependency;
			target = 81B59DC626612C2A00B17717 /* wristdiary WatchKit App */;
			targetProxy = 81B59DC926612C2A00B17717 /* PBXContainerItemProxy */;
		};
		81B59DD626612C2D00B17717 /* PBXTargetDependency */ = {
			isa = PBXTargetDependency;
			target = 81B59DD226612C2D00B17717 /* wristdiary WatchKit Extension */;
			targetProxy = 81B59DD526612C2D00B17717 /* PBXContainerItemProxy */;
		};
/* End PBXTargetDependency section */

/* Begin XCBuildConfiguration section */
		81B59DE426612C2E00B17717 /* Debug */ = {
			isa = XCBuildConfiguration;
			buildSettings = {
				ALWAYS_SEARCH_USER_PATHS = NO;
				CLANG_ANALYZER_NONNULL = YES;
				CLANG_ANALYZER_NUMBER_OBJECT_CONVERSION = YES_AGGRESSIVE;
				CLANG_CXX_LANGUAGE_STANDARD = "gnu++14";
				CLANG_CXX_LIBRARY = "libc++";
				CLANG_ENABLE_MODULES = YES;
				CLANG_ENABLE_OBJC_ARC = YES;
				CLANG_ENABLE_OBJC_WEAK = YES;
				CLANG_WARN_BLOCK_CAPTURE_AUTORELEASING = YES;
				CLANG_WARN_BOOL_CONVERSION = YES;
				CLANG_WARN_COMMA = YES;
				CLANG_WARN_CONSTANT_CONVERSION = YES;
				CLANG_WARN_DEPRECATED_OBJC_IMPLEMENTATIONS = YES;
				CLANG_WARN_DIRECT_OBJC_ISA_USAGE = YES_ERROR;
				CLANG_WARN_DOCUMENTATION_COMMENTS = YES;
				CLANG_WARN_EMPTY_BODY = YES;
				CLANG_WARN_ENUM_CONVERSION = YES;
				CLANG_WARN_INFINITE_RECURSION = YES;
				CLANG_WARN_INT_CONVERSION = YES;
				CLANG_WARN_NON_LITERAL_NULL_CONVERSION = YES;
				CLANG_WARN_OBJC_IMPLICIT_RETAIN_SELF = YES;
				CLANG_WARN_OBJC_LITERAL_CONVERSION = YES;
				CLANG_WARN_OBJC_ROOT_CLASS = YES_ERROR;
				CLANG_WARN_QUOTED_INCLUDE_IN_FRAMEWORK_HEADER = YES;
				CLANG_WARN_RANGE_LOOP_ANALYSIS = YES;
				CLANG_WARN_STRICT_PROTOTYPES = YES;
				CLANG_WARN_SUSPICIOUS_MOVE = YES;
				CLANG_WARN_UNGUARDED_AVAILABILITY = YES_AGGRESSIVE;
				CLANG_WARN_UNREACHABLE_CODE = YES;
				CLANG_WARN__DUPLICATE_METHOD_MATCH = YES;
				COPY_PHASE_STRIP = NO;
				DEBUG_INFORMATION_FORMAT = dwarf;
				ENABLE_STRICT_OBJC_MSGSEND = YES;
				ENABLE_TESTABILITY = YES;
				GCC_C_LANGUAGE_STANDARD = gnu11;
				GCC_DYNAMIC_NO_PIC = NO;
				GCC_NO_COMMON_BLOCKS = YES;
				GCC_OPTIMIZATION_LEVEL = 0;
				GCC_PREPROCESSOR_DEFINITIONS = (
					"DEBUG=1",
					"$(inherited)",
				);
				GCC_WARN_64_TO_32_BIT_CONVERSION = YES;
				GCC_WARN_ABOUT_RETURN_TYPE = YES_ERROR;
				GCC_WARN_UNDECLARED_SELECTOR = YES;
				GCC_WARN_UNINITIALIZED_AUTOS = YES_AGGRESSIVE;
				GCC_WARN_UNUSED_FUNCTION = YES;
				GCC_WARN_UNUSED_VARIABLE = YES;
				MTL_ENABLE_DEBUG_INFO = INCLUDE_SOURCE;
				MTL_FAST_MATH = YES;
				ONLY_ACTIVE_ARCH = YES;
				SDKROOT = iphoneos;
				SWIFT_ACTIVE_COMPILATION_CONDITIONS = DEBUG;
				SWIFT_OPTIMIZATION_LEVEL = "-Onone";
			};
			name = Debug;
		};
		81B59DE526612C2E00B17717 /* Release */ = {
			isa = XCBuildConfiguration;
			buildSettings = {
				ALWAYS_SEARCH_USER_PATHS = NO;
				CLANG_ANALYZER_NONNULL = YES;
				CLANG_ANALYZER_NUMBER_OBJECT_CONVERSION = YES_AGGRESSIVE;
				CLANG_CXX_LANGUAGE_STANDARD = "gnu++14";
				CLANG_CXX_LIBRARY = "libc++";
				CLANG_ENABLE_MODULES = YES;
				CLANG_ENABLE_OBJC_ARC = YES;
				CLANG_ENABLE_OBJC_WEAK = YES;
				CLANG_WARN_BLOCK_CAPTURE_AUTORELEASING = YES;
				CLANG_WARN_BOOL_CONVERSION = YES;
				CLANG_WARN_COMMA = YES;
				CLANG_WARN_CONSTANT_CONVERSION = YES;
				CLANG_WARN_DEPRECATED_OBJC_IMPLEMENTATIONS = YES;
				CLANG_WARN_DIRECT_OBJC_ISA_USAGE = YES_ERROR;
				CLANG_WARN_DOCUMENTATION_COMMENTS = YES;
				CLANG_WARN_EMPTY_BODY = YES;
				CLANG_WARN_ENUM_CONVERSION = YES;
				CLANG_WARN_INFINITE_RECURSION = YES;
				CLANG_WARN_INT_CONVERSION = YES;
				CLANG_WARN_NON_LITERAL_NULL_CONVERSION = YES;
				CLANG_WARN_OBJC_IMPLICIT_RETAIN_SELF = YES;
				CLANG_WARN_OBJC_LITERAL_CONVERSION = YES;
				CLANG_WARN_OBJC_ROOT_CLASS = YES_ERROR;
				CLANG_WARN_QUOTED_INCLUDE_IN_FRAMEWORK_HEADER = YES;
				CLANG_WARN_RANGE_LOOP_ANALYSIS = YES;
				CLANG_WARN_STRICT_PROTOTYPES = YES;
				CLANG_WARN_SUSPICIOUS_MOVE = YES;
				CLANG_WARN_UNGUARDED_AVAILABILITY = YES_AGGRESSIVE;
				CLANG_WARN_UNREACHABLE_CODE = YES;
				CLANG_WARN__DUPLICATE_METHOD_MATCH = YES;
				COPY_PHASE_STRIP = NO;
				DEBUG_INFORMATION_FORMAT = "dwarf-with-dsym";
				ENABLE_NS_ASSERTIONS = NO;
				ENABLE_STRICT_OBJC_MSGSEND = YES;
				GCC_C_LANGUAGE_STANDARD = gnu11;
				GCC_NO_COMMON_BLOCKS = YES;
				GCC_WARN_64_TO_32_BIT_CONVERSION = YES;
				GCC_WARN_ABOUT_RETURN_TYPE = YES_ERROR;
				GCC_WARN_UNDECLARED_SELECTOR = YES;
				GCC_WARN_UNINITIALIZED_AUTOS = YES_AGGRESSIVE;
				GCC_WARN_UNUSED_FUNCTION = YES;
				GCC_WARN_UNUSED_VARIABLE = YES;
				MTL_ENABLE_DEBUG_INFO = NO;
				MTL_FAST_MATH = YES;
				SDKROOT = iphoneos;
				SWIFT_COMPILATION_MODE = wholemodule;
				SWIFT_OPTIMIZATION_LEVEL = "-O";
				VALIDATE_PRODUCT = YES;
			};
			name = Release;
		};
		81B59DE726612C2E00B17717 /* Debug */ = {
			isa = XCBuildConfiguration;
			buildSettings = {
				ASSETCATALOG_COMPILER_COMPLICATION_NAME = Complication;
				CODE_SIGN_STYLE = Automatic;
				CURRENT_PROJECT_VERSION = 1;
				DEVELOPMENT_ASSET_PATHS = "\"wristdiary WatchKit Extension/Preview Content\"";
				DEVELOPMENT_TEAM = K9LSAPMDRX;
				ENABLE_PREVIEWS = YES;
				INFOPLIST_FILE = "wristdiary WatchKit Extension/Info.plist";
				LD_RUNPATH_SEARCH_PATHS = (
					"$(inherited)",
					"@executable_path/Frameworks",
					"@executable_path/../../Frameworks",
				);
				MARKETING_VERSION = 1.3.0;
				PRODUCT_BUNDLE_IDENTIFIER = com.pocketservices.wristdiary.watchkitapp.watchkitextension;
				PRODUCT_NAME = "${TARGET_NAME}";
				SDKROOT = watchos;
				SKIP_INSTALL = YES;
				SWIFT_VERSION = 5.0;
				TARGETED_DEVICE_FAMILY = 4;
				WATCHOS_DEPLOYMENT_TARGET = 7.4;
			};
			name = Debug;
		};
		81B59DE826612C2E00B17717 /* Release */ = {
			isa = XCBuildConfiguration;
			buildSettings = {
				ASSETCATALOG_COMPILER_COMPLICATION_NAME = Complication;
				CODE_SIGN_STYLE = Automatic;
				CURRENT_PROJECT_VERSION = 1;
				DEVELOPMENT_ASSET_PATHS = "\"wristdiary WatchKit Extension/Preview Content\"";
				DEVELOPMENT_TEAM = K9LSAPMDRX;
				ENABLE_PREVIEWS = YES;
				INFOPLIST_FILE = "wristdiary WatchKit Extension/Info.plist";
				LD_RUNPATH_SEARCH_PATHS = (
					"$(inherited)",
					"@executable_path/Frameworks",
					"@executable_path/../../Frameworks",
				);
				MARKETING_VERSION = 1.3.0;
				PRODUCT_BUNDLE_IDENTIFIER = com.pocketservices.wristdiary.watchkitapp.watchkitextension;
				PRODUCT_NAME = "${TARGET_NAME}";
				SDKROOT = watchos;
				SKIP_INSTALL = YES;
				SWIFT_VERSION = 5.0;
				TARGETED_DEVICE_FAMILY = 4;
				WATCHOS_DEPLOYMENT_TARGET = 7.4;
			};
			name = Release;
		};
		81B59DEB26612C2E00B17717 /* Debug */ = {
			isa = XCBuildConfiguration;
			buildSettings = {
				ALWAYS_EMBED_SWIFT_STANDARD_LIBRARIES = YES;
				ASSETCATALOG_COMPILER_APPICON_NAME = AppIcon;
				ASSETCATALOG_COMPILER_GLOBAL_ACCENT_COLOR_NAME = AccentColor;
				CODE_SIGN_STYLE = Automatic;
				CURRENT_PROJECT_VERSION = 1;
				DEVELOPMENT_TEAM = K9LSAPMDRX;
				IBSC_MODULE = wristdiary_WatchKit_Extension;
				INFOPLIST_FILE = "wristdiary WatchKit App/Info.plist";
				MARKETING_VERSION = 1.3.0;
				PRODUCT_BUNDLE_IDENTIFIER = com.pocketservices.wristdiary.watchkitapp;
				PRODUCT_NAME = "$(TARGET_NAME)";
				SDKROOT = watchos;
				SKIP_INSTALL = YES;
				SWIFT_VERSION = 5.0;
				TARGETED_DEVICE_FAMILY = 4;
				WATCHOS_DEPLOYMENT_TARGET = 7.4;
			};
			name = Debug;
		};
		81B59DEC26612C2E00B17717 /* Release */ = {
			isa = XCBuildConfiguration;
			buildSettings = {
				ALWAYS_EMBED_SWIFT_STANDARD_LIBRARIES = YES;
				ASSETCATALOG_COMPILER_APPICON_NAME = AppIcon;
				ASSETCATALOG_COMPILER_GLOBAL_ACCENT_COLOR_NAME = AccentColor;
				CODE_SIGN_STYLE = Automatic;
				CURRENT_PROJECT_VERSION = 1;
				DEVELOPMENT_TEAM = K9LSAPMDRX;
				IBSC_MODULE = wristdiary_WatchKit_Extension;
				INFOPLIST_FILE = "wristdiary WatchKit App/Info.plist";
				MARKETING_VERSION = 1.3.0;
				PRODUCT_BUNDLE_IDENTIFIER = com.pocketservices.wristdiary.watchkitapp;
				PRODUCT_NAME = "$(TARGET_NAME)";
				SDKROOT = watchos;
				SKIP_INSTALL = YES;
				SWIFT_VERSION = 5.0;
				TARGETED_DEVICE_FAMILY = 4;
				WATCHOS_DEPLOYMENT_TARGET = 7.4;
			};
			name = Release;
		};
		81B59DEF26612C2E00B17717 /* Debug */ = {
			isa = XCBuildConfiguration;
			buildSettings = {
				CODE_SIGN_STYLE = Automatic;
				CURRENT_PROJECT_VERSION = 1;
				DEVELOPMENT_TEAM = K9LSAPMDRX;
				MARKETING_VERSION = 1.3.0;
				PRODUCT_BUNDLE_IDENTIFIER = com.pocketservices.wristdiary;
				PRODUCT_NAME = "$(TARGET_NAME)";
				SWIFT_VERSION = 5.0;
			};
			name = Debug;
		};
		81B59DF026612C2E00B17717 /* Release */ = {
			isa = XCBuildConfiguration;
			buildSettings = {
				CODE_SIGN_STYLE = Automatic;
				CURRENT_PROJECT_VERSION = 1;
				DEVELOPMENT_TEAM = K9LSAPMDRX;
				MARKETING_VERSION = 1.3.0;
				PRODUCT_BUNDLE_IDENTIFIER = com.pocketservices.wristdiary;
				PRODUCT_NAME = "$(TARGET_NAME)";
				SWIFT_VERSION = 5.0;
			};
			name = Release;
		};
		81BF9BAE2680F09300118C23 /* Debug */ = {
			isa = XCBuildConfiguration;
			buildSettings = {
				ASSETCATALOG_COMPILER_APPICON_NAME = AppIcon;
				ASSETCATALOG_COMPILER_GLOBAL_ACCENT_COLOR_NAME = AccentColor;
				CODE_SIGN_STYLE = Automatic;
				DEVELOPMENT_ASSET_PATHS = "\"wristdiary iPhone App/Preview Content\"";
				DEVELOPMENT_TEAM = K9LSAPMDRX;
				ENABLE_PREVIEWS = YES;
				INFOPLIST_FILE = "wristdiary iPhone App/Info.plist";
				IPHONEOS_DEPLOYMENT_TARGET = 14.5;
				LD_RUNPATH_SEARCH_PATHS = (
					"$(inherited)",
					"@executable_path/Frameworks",
				);
				PRODUCT_BUNDLE_IDENTIFIER = com.pocketservices.wristdiary.iphoneapp;
				PRODUCT_NAME = "$(TARGET_NAME)";
				SWIFT_VERSION = 5.0;
				TARGETED_DEVICE_FAMILY = 1;
			};
			name = Debug;
		};
		81BF9BAF2680F09300118C23 /* Release */ = {
			isa = XCBuildConfiguration;
			buildSettings = {
				ASSETCATALOG_COMPILER_APPICON_NAME = AppIcon;
				ASSETCATALOG_COMPILER_GLOBAL_ACCENT_COLOR_NAME = AccentColor;
				CODE_SIGN_STYLE = Automatic;
				DEVELOPMENT_ASSET_PATHS = "\"wristdiary iPhone App/Preview Content\"";
				DEVELOPMENT_TEAM = K9LSAPMDRX;
				ENABLE_PREVIEWS = YES;
				INFOPLIST_FILE = "wristdiary iPhone App/Info.plist";
				IPHONEOS_DEPLOYMENT_TARGET = 14.5;
				LD_RUNPATH_SEARCH_PATHS = (
					"$(inherited)",
					"@executable_path/Frameworks",
				);
				PRODUCT_BUNDLE_IDENTIFIER = com.pocketservices.wristdiary.iphoneapp;
				PRODUCT_NAME = "$(TARGET_NAME)";
				SWIFT_VERSION = 5.0;
				TARGETED_DEVICE_FAMILY = 1;
			};
			name = Release;
		};
/* End XCBuildConfiguration section */

/* Begin XCConfigurationList section */
		81B59DC026612C2900B17717 /* Build configuration list for PBXProject "wristdiary" */ = {
			isa = XCConfigurationList;
			buildConfigurations = (
				81B59DE426612C2E00B17717 /* Debug */,
				81B59DE526612C2E00B17717 /* Release */,
			);
			defaultConfigurationIsVisible = 0;
			defaultConfigurationName = Release;
		};
		81B59DE626612C2E00B17717 /* Build configuration list for PBXNativeTarget "wristdiary WatchKit Extension" */ = {
			isa = XCConfigurationList;
			buildConfigurations = (
				81B59DE726612C2E00B17717 /* Debug */,
				81B59DE826612C2E00B17717 /* Release */,
			);
			defaultConfigurationIsVisible = 0;
			defaultConfigurationName = Release;
		};
		81B59DEA26612C2E00B17717 /* Build configuration list for PBXNativeTarget "wristdiary WatchKit App" */ = {
			isa = XCConfigurationList;
			buildConfigurations = (
				81B59DEB26612C2E00B17717 /* Debug */,
				81B59DEC26612C2E00B17717 /* Release */,
			);
			defaultConfigurationIsVisible = 0;
			defaultConfigurationName = Release;
		};
		81B59DEE26612C2E00B17717 /* Build configuration list for PBXNativeTarget "wristdiary" */ = {
			isa = XCConfigurationList;
			buildConfigurations = (
				81B59DEF26612C2E00B17717 /* Debug */,
				81B59DF026612C2E00B17717 /* Release */,
			);
			defaultConfigurationIsVisible = 0;
			defaultConfigurationName = Release;
		};
		81BF9BB02680F09300118C23 /* Build configuration list for PBXNativeTarget "wristdiary iPhone App" */ = {
			isa = XCConfigurationList;
			buildConfigurations = (
				81BF9BAE2680F09300118C23 /* Debug */,
				81BF9BAF2680F09300118C23 /* Release */,
			);
			defaultConfigurationIsVisible = 0;
			defaultConfigurationName = Release;
		};
/* End XCConfigurationList section */

/* Begin XCRemoteSwiftPackageReference section */
		818D54BB267BA64900F92D2B /* XCRemoteSwiftPackageReference "KeychainAccess" */ = {
			isa = XCRemoteSwiftPackageReference;
			repositoryURL = "https://github.com/kishikawakatsumi/KeychainAccess.git";
			requirement = {
				kind = upToNextMajorVersion;
				minimumVersion = 4.2.2;
			};
		};
		81A60D8B268141EC0001F9AE /* XCRemoteSwiftPackageReference "realm-cocoa" */ = {
			isa = XCRemoteSwiftPackageReference;
			repositoryURL = "https://github.com/realm/realm-cocoa.git";
			requirement = {
				kind = upToNextMajorVersion;
				minimumVersion = 10.8.0;
			};
		};
		81B45002266512AD00EB8A08 /* XCRemoteSwiftPackageReference "EFQRCode" */ = {
			isa = XCRemoteSwiftPackageReference;
			repositoryURL = "https://github.com/EFPrefix/EFQRCode.git";
			requirement = {
				kind = upToNextMajorVersion;
				minimumVersion = 6.1.0;
			};
		};
/* End XCRemoteSwiftPackageReference section */

/* Begin XCSwiftPackageProductDependency section */
		818D54BC267BA64900F92D2B /* KeychainAccess */ = {
			isa = XCSwiftPackageProductDependency;
			package = 818D54BB267BA64900F92D2B /* XCRemoteSwiftPackageReference "KeychainAccess" */;
			productName = KeychainAccess;
		};
		818D54BD267BAAE400F92D2B /* KeychainAccess */ = {
			isa = XCSwiftPackageProductDependency;
			package = 818D54BB267BA64900F92D2B /* XCRemoteSwiftPackageReference "KeychainAccess" */;
			productName = KeychainAccess;
		};
		81A60D8C268141EC0001F9AE /* Realm */ = {
			isa = XCSwiftPackageProductDependency;
			package = 81A60D8B268141EC0001F9AE /* XCRemoteSwiftPackageReference "realm-cocoa" */;
			productName = Realm;
		};
		81A60D8E268141EC0001F9AE /* RealmSwift */ = {
			isa = XCSwiftPackageProductDependency;
			package = 81A60D8B268141EC0001F9AE /* XCRemoteSwiftPackageReference "realm-cocoa" */;
			productName = RealmSwift;
		};
		81B45003266512AD00EB8A08 /* EFQRCode */ = {
			isa = XCSwiftPackageProductDependency;
			package = 81B45002266512AD00EB8A08 /* XCRemoteSwiftPackageReference "EFQRCode" */;
			productName = EFQRCode;
		};
		81B45004266512B900EB8A08 /* EFQRCode */ = {
			isa = XCSwiftPackageProductDependency;
			package = 81B45002266512AD00EB8A08 /* XCRemoteSwiftPackageReference "EFQRCode" */;
			productName = EFQRCode;
		};
		81BF9BB42680F4B800118C23 /* KeychainAccess */ = {
			isa = XCSwiftPackageProductDependency;
			package = 818D54BB267BA64900F92D2B /* XCRemoteSwiftPackageReference "KeychainAccess" */;
			productName = KeychainAccess;
		};
/* End XCSwiftPackageProductDependency section */
	};
	rootObject = 81B59DBD26612C2900B17717 /* Project object */;
}
